
Microsoft Visual Studio Solution File, Format Version 12.00
# Visual Studio Version 17
VisualStudioVersion = 17.8.34330.188
MinimumVisualStudioVersion = 10.0.40219.1
Project("{FAE04EC0-301F-11D3-BF4B-00C04F79EFBC}") = "WebApplication3", "WebApplication3\WebApplication3.csproj", "{A030CB40-E308-4A51-B79F-038FD32277A8}"
EndProject
Global
	GlobalSection(SolutionConfigurationPlatforms) = preSolution
		Debug|Any CPU = Debug|Any CPU
		Release|Any CPU = Release|Any CPU
	EndGlobalSection
	GlobalSection(ProjectConfigurationPlatforms) = postSolution
		{A030CB40-E308-4A51-B79F-038FD32277A8}.Debug|Any CPU.ActiveCfg = Debug|Any CPU
		{A030CB40-E308-4A51-B79F-038FD32277A8}.Debug|Any CPU.Build.0 = Debug|Any CPU
		{A030CB40-E308-4A51-B79F-038FD32277A8}.Release|Any CPU.ActiveCfg = Release|Any CPU
		{A030CB40-E308-4A51-B79F-038FD32277A8}.Release|Any CPU.Build.0 = Release|Any CPU
	EndGlobalSection
	GlobalSection(SolutionProperties) = preSolution
		HideSolutionNode = FALSE
	EndGlobalSection
	GlobalSection(ExtensibilityGlobals) = postSolution
		SolutionGuid = {B003D570-74CA-448F-ADC8-BF9C7F2312EB}
	EndGlobalSection
EndGlobal
